PODS:
  - Alamofire (4.9.0)
  - AUPickerCell (1.0.2.0)
  - EasyNotification (0.0.1)
  - PureLayout (3.1.4)
  - SwiftExtensionChimera (0.0.3):
    - PureLayout
    - TinyConstraints
  - SwiftyFORM (1.7.0)
  - TinyConstraints (4.0.1)

DEPENDENCIES:
  - Alamofire (~> 4.7)
  - AUPickerCell
  - EasyNotification (from `https://github.com/WataruSuzuki/EasyNotification.git`)
  - SwiftExtensionChimera (from `https://github.com/WataruSuzuki/SwiftExtensionChimera.git`)
  - SwiftyFORM (from `https://github.com/neoneye/SwiftyFORM.git`)

SPEC REPOS:
  https://github.com/cocoapods/specs.git:
    - Alamofire
    - AUPickerCell
    - PureLayout
    - TinyConstraints

EXTERNAL SOURCES:
  EasyNotification:
    :git: https://github.com/WataruSuzuki/EasyNotification.git
  SwiftExtensionChimera:
    :git: https://github.com/WataruSuzuki/SwiftExtensionChimera.git
  SwiftyFORM:
    :git: https://github.com/neoneye/SwiftyFORM.git

CHECKOUT OPTIONS:
  EasyNotification:
    :commit: 7c4738f8cf016f678127100416af41efd80a0e80
    :git: https://github.com/WataruSuzuki/EasyNotification.git
  SwiftExtensionChimera:
    :commit: 0c5379609ac42fee1b5dd3f988f89a792fd81681
    :git: https://github.com/WataruSuzuki/SwiftExtensionChimera.git
  SwiftyFORM:
    :commit: 251d9bde227e32b8164329743cae0ae3556e2ad1
    :git: https://github.com/neoneye/SwiftyFORM.git

SPEC CHECKSUMS:
  Alamofire: afc3e7c6db61476cb45cdd23fed06bad03bbc321
  AUPickerCell: b6f788d62f449014204776ff6fdc841aebbc352f
  EasyNotification: 4e288456da35af115a425ef2783974e43a477dc1
  PureLayout: f08c01b8dec00bb14a1fefa3de4c7d9c265df85e
  SwiftExtensionChimera: 6e534e7006d3ea1a94cdcc574719f7aecef2be17
  SwiftyFORM: d8d0ec8cb847bdd90b0d114175e6fa8c20288a49
  TinyConstraints: 8dd91295e56797648c7bc335dd20e1d91ec4c192

PODFILE CHECKSUM: 19910d46e65946196164dd2c55673655a3cbf5cc

COCOAPODS: 1.7.5
