// !$*UTF8*$!
{
	archiveVersion = 1;
	classes = {
	};
	objectVersion = 51;
	objects = {

/* Begin PBXBuildFile section */
		26127119EEECC41E511802BC /* Pods_ClockInOut.framework in Frameworks */ = {isa = PBXBuildFile; fileRef = 56DB6F8474E83F10D5F560A2 /* Pods_ClockInOut.framework */; };
		416AC1A1168F466423B6B8E2 /* Pods_ClockInOutTests.framework in Frameworks */ = {isa = PBXBuildFile; fileRef = 4AA81E6FD3A3C2B80CAA2A98 /* Pods_ClockInOutTests.framework */; };
		CC518372231E46CD0029CEE2 /* AppDelegate.swift in Sources */ = {isa = PBXBuildFile; fileRef = CC518371231E46CD0029CEE2 /* AppDelegate.swift */; };
		CC518374231E46CD0029CEE2 /* FirstViewController.swift in Sources */ = {isa = PBXBuildFile; fileRef = CC518373231E46CD0029CEE2 /* FirstViewController.swift */; };
		CC518376231E46CD0029CEE2 /* SecondViewController.swift in Sources */ = {isa = PBXBuildFile; fileRef = CC518375231E46CD0029CEE2 /* SecondViewController.swift */; };
		CC518379231E46CD0029CEE2 /* Main.storyboard in Resources */ = {isa = PBXBuildFile; fileRef = CC518377231E46CD0029CEE2 /* Main.storyboard */; };
		CC51837B231E46D00029CEE2 /* Assets.xcassets in Resources */ = {isa = PBXBuildFile; fileRef = CC51837A231E46D00029CEE2 /* Assets.xcassets */; };
		CC51837E231E46D00029CEE2 /* LaunchScreen.storyboard in Resources */ = {isa = PBXBuildFile; fileRef = CC51837C231E46D00029CEE2 /* LaunchScreen.storyboard */; };
		CC518389231E46D10029CEE2 /* ClockInOutTests.swift in Sources */ = {isa = PBXBuildFile; fileRef = CC518388231E46D10029CEE2 /* ClockInOutTests.swift */; };
		CC518394231E46D10029CEE2 /* ClockInOutUITests.swift in Sources */ = {isa = PBXBuildFile; fileRef = CC518393231E46D10029CEE2 /* ClockInOutUITests.swift */; };
		CC5183A2231E55950029CEE2 /* SettingViewController.swift in Sources */ = {isa = PBXBuildFile; fileRef = CC5183A1231E55950029CEE2 /* SettingViewController.swift */; };
		CC5183A4231E57890029CEE2 /* LocationService.swift in Sources */ = {isa = PBXBuildFile; fileRef = CC5183A3231E57890029CEE2 /* LocationService.swift */; };
		CC5183A6231F6A560029CEE2 /* Settings.bundle in Resources */ = {isa = PBXBuildFile; fileRef = CC5183A5231F6A550029CEE2 /* Settings.bundle */; };
		CC5183A8231F73F40029CEE2 /* Localizable.strings in Resources */ = {isa = PBXBuildFile; fileRef = CC5183A7231F73F40029CEE2 /* Localizable.strings */; };
		CC5183AB231F80C60029CEE2 /* DiskService.swift in Sources */ = {isa = PBXBuildFile; fileRef = CC5183AA231F80C60029CEE2 /* DiskService.swift */; };
		CC5183AF2320BC130029CEE2 /* CheckInOutService.swift in Sources */ = {isa = PBXBuildFile; fileRef = CC5183AE2320BC130029CEE2 /* CheckInOutService.swift */; };
/* End PBXBuildFile section */

/* Begin PBXContainerItemProxy section */
		CC518385231E46D10029CEE2 /* PBXContainerItemProxy */ = {
			isa = PBXContainerItemProxy;
			containerPortal = CC518366231E46CD0029CEE2 /* Project object */;
			proxyType = 1;
			remoteGlobalIDString = CC51836D231E46CD0029CEE2;
			remoteInfo = ClockInOut;
		};
		CC518390231E46D10029CEE2 /* PBXContainerItemProxy */ = {
			isa = PBXContainerItemProxy;
			containerPortal = CC518366231E46CD0029CEE2 /* Project object */;
			proxyType = 1;
			remoteGlobalIDString = CC51836D231E46CD0029CEE2;
			remoteInfo = ClockInOut;
		};
/* End PBXContainerItemProxy section */

/* Begin PBXFileReference section */
		4AA81E6FD3A3C2B80CAA2A98 /* Pods_ClockInOutTests.framework */ = {isa = PBXFileReference; explicitFileType = wrapper.framework; includeInIndex = 0; path = Pods_ClockInOutTests.framework; sourceTree = BUILT_PRODUCTS_DIR; };
		56DB6F8474E83F10D5F560A2 /* Pods_ClockInOut.framework */ = {isa = PBXFileReference; explicitFileType = wrapper.framework; includeInIndex = 0; path = Pods_ClockInOut.framework; sourceTree = BUILT_PRODUCTS_DIR; };
		5E08C7A025F7379228C17BA4 /* Pods-ClockInOutTests.release.xcconfig */ = {isa = PBXFileReference; includeInIndex = 1; lastKnownFileType = text.xcconfig; name = "Pods-ClockInOutTests.release.xcconfig"; path = "Target Support Files/Pods-ClockInOutTests/Pods-ClockInOutTests.release.xcconfig"; sourceTree = "<group>"; };
		6A567A4FE8770A70E14BD93D /* Pods-ClockInOutTests.debug.xcconfig */ = {isa = PBXFileReference; includeInIndex = 1; lastKnownFileType = text.xcconfig; name = "Pods-ClockInOutTests.debug.xcconfig"; path = "Target Support Files/Pods-ClockInOutTests/Pods-ClockInOutTests.debug.xcconfig"; sourceTree = "<group>"; };
		6DA9253FC20DA218D7E4332B /* Pods-ClockInOut.debug.xcconfig */ = {isa = PBXFileReference; includeInIndex = 1; lastKnownFileType = text.xcconfig; name = "Pods-ClockInOut.debug.xcconfig"; path = "Target Support Files/Pods-ClockInOut/Pods-ClockInOut.debug.xcconfig"; sourceTree = "<group>"; };
		C99BE7708C12198B20DD3D3F /* Pods-ClockInOut.release.xcconfig */ = {isa = PBXFileReference; includeInIndex = 1; lastKnownFileType = text.xcconfig; name = "Pods-ClockInOut.release.xcconfig"; path = "Target Support Files/Pods-ClockInOut/Pods-ClockInOut.release.xcconfig"; sourceTree = "<group>"; };
		CC51836E231E46CD0029CEE2 /* ClockInOut.app */ = {isa = PBXFileReference; explicitFileType = wrapper.application; includeInIndex = 0; path = ClockInOut.app; sourceTree = BUILT_PRODUCTS_DIR; };
		CC518371231E46CD0029CEE2 /* AppDelegate.swift */ = {isa = PBXFileReference; lastKnownFileType = sourcecode.swift; path = AppDelegate.swift; sourceTree = "<group>"; };
		CC518373231E46CD0029CEE2 /* FirstViewController.swift */ = {isa = PBXFileReference; lastKnownFileType = sourcecode.swift; path = FirstViewController.swift; sourceTree = "<group>"; };
		CC518375231E46CD0029CEE2 /* SecondViewController.swift */ = {isa = PBXFileReference; lastKnownFileType = sourcecode.swift; path = SecondViewController.swift; sourceTree = "<group>"; };
		CC518378231E46CD0029CEE2 /* Base */ = {isa = PBXFileReference; lastKnownFileType = file.storyboard; name = Base; path = Base.lproj/Main.storyboard; sourceTree = "<group>"; };
		CC51837A231E46D00029CEE2 /* Assets.xcassets */ = {isa = PBXFileReference; lastKnownFileType = folder.assetcatalog; path = Assets.xcassets; sourceTree = "<group>"; };
		CC51837D231E46D00029CEE2 /* Base */ = {isa = PBXFileReference; lastKnownFileType = file.storyboard; name = Base; path = Base.lproj/LaunchScreen.storyboard; sourceTree = "<group>"; };
		CC51837F231E46D10029CEE2 /* Info.plist */ = {isa = PBXFileReference; lastKnownFileType = text.plist.xml; path = Info.plist; sourceTree = "<group>"; };
		CC518384231E46D10029CEE2 /* ClockInOutTests.xctest */ = {isa = PBXFileReference; explicitFileType = wrapper.cfbundle; includeInIndex = 0; path = ClockInOutTests.xctest; sourceTree = BUILT_PRODUCTS_DIR; };
		CC518388231E46D10029CEE2 /* ClockInOutTests.swift */ = {isa = PBXFileReference; lastKnownFileType = sourcecode.swift; path = ClockInOutTests.swift; sourceTree = "<group>"; };
		CC51838A231E46D10029CEE2 /* Info.plist */ = {isa = PBXFileReference; lastKnownFileType = text.plist.xml; path = Info.plist; sourceTree = "<group>"; };
		CC51838F231E46D10029CEE2 /* ClockInOutUITests.xctest */ = {isa = PBXFileReference; explicitFileType = wrapper.cfbundle; includeInIndex = 0; path = ClockInOutUITests.xctest; sourceTree = BUILT_PRODUCTS_DIR; };
		CC518393231E46D10029CEE2 /* ClockInOutUITests.swift */ = {isa = PBXFileReference; lastKnownFileType = sourcecode.swift; path = ClockInOutUITests.swift; sourceTree = "<group>"; };
		CC518395231E46D10029CEE2 /* Info.plist */ = {isa = PBXFileReference; lastKnownFileType = text.plist.xml; path = Info.plist; sourceTree = "<group>"; };
		CC5183A1231E55950029CEE2 /* SettingViewController.swift */ = {isa = PBXFileReference; lastKnownFileType = sourcecode.swift; path = SettingViewController.swift; sourceTree = "<group>"; };
		CC5183A3231E57890029CEE2 /* LocationService.swift */ = {isa = PBXFileReference; lastKnownFileType = sourcecode.swift; path = LocationService.swift; sourceTree = "<group>"; };
		CC5183A5231F6A550029CEE2 /* Settings.bundle */ = {isa = PBXFileReference; lastKnownFileType = "wrapper.plug-in"; path = Settings.bundle; sourceTree = "<group>"; };
		CC5183A7231F73F40029CEE2 /* Localizable.strings */ = {isa = PBXFileReference; lastKnownFileType = text.plist.strings; path = Localizable.strings; sourceTree = "<group>"; };
		CC5183AA231F80C60029CEE2 /* DiskService.swift */ = {isa = PBXFileReference; lastKnownFileType = sourcecode.swift; path = DiskService.swift; sourceTree = "<group>"; };
		CC5183AE2320BC130029CEE2 /* CheckInOutService.swift */ = {isa = PBXFileReference; lastKnownFileType = sourcecode.swift; path = CheckInOutService.swift; sourceTree = "<group>"; };
/* End PBXFileReference section */

/* Begin PBXFrameworksBuildPhase section */
		CC51836B231E46CD0029CEE2 /* Frameworks */ = {
			isa = PBXFrameworksBuildPhase;
			buildActionMask = 2147483647;
			files = (
				26127119EEECC41E511802BC /* Pods_ClockInOut.framework in Frameworks */,
			);
			runOnlyForDeploymentPostprocessing = 0;
		};
		CC518381231E46D10029CEE2 /* Frameworks */ = {
			isa = PBXFrameworksBuildPhase;
			buildActionMask = 2147483647;
			files = (
				416AC1A1168F466423B6B8E2 /* Pods_ClockInOutTests.framework in Frameworks */,
			);
			runOnlyForDeploymentPostprocessing = 0;
		};
		CC51838C231E46D10029CEE2 /* Frameworks */ = {
			isa = PBXFrameworksBuildPhase;
			buildActionMask = 2147483647;
			files = (
			);
			runOnlyForDeploymentPostprocessing = 0;
		};
/* End PBXFrameworksBuildPhase section */

/* Begin PBXGroup section */
		5238CF3DA4D8E18652EBB5B4 /* Frameworks */ = {
			isa = PBXGroup;
			children = (
				56DB6F8474E83F10D5F560A2 /* Pods_ClockInOut.framework */,
				4AA81E6FD3A3C2B80CAA2A98 /* Pods_ClockInOutTests.framework */,
			);
			name = Frameworks;
			sourceTree = "<group>";
		};
		CC518365231E46CD0029CEE2 = {
			isa = PBXGroup;
			children = (
				CC518370231E46CD0029CEE2 /* ClockInOut */,
				CC518387231E46D10029CEE2 /* ClockInOutTests */,
				CC518392231E46D10029CEE2 /* ClockInOutUITests */,
				CC51836F231E46CD0029CEE2 /* Products */,
				F3BEFF9742DB20BBB44A8536 /* Pods */,
				5238CF3DA4D8E18652EBB5B4 /* Frameworks */,
			);
			sourceTree = "<group>";
		};
		CC51836F231E46CD0029CEE2 /* Products */ = {
			isa = PBXGroup;
			children = (
				CC51836E231E46CD0029CEE2 /* ClockInOut.app */,
				CC518384231E46D10029CEE2 /* ClockInOutTests.xctest */,
				CC51838F231E46D10029CEE2 /* ClockInOutUITests.xctest */,
			);
			name = Products;
			sourceTree = "<group>";
		};
		CC518370231E46CD0029CEE2 /* ClockInOut */ = {
			isa = PBXGroup;
			children = (
				CC518371231E46CD0029CEE2 /* AppDelegate.swift */,
				CC518377231E46CD0029CEE2 /* Main.storyboard */,
				CC51837A231E46D00029CEE2 /* Assets.xcassets */,
				CC51837C231E46D00029CEE2 /* LaunchScreen.storyboard */,
				CC51837F231E46D10029CEE2 /* Info.plist */,
				CC5183A9231F7F3C0029CEE2 /* ViewController */,
				CC5183A3231E57890029CEE2 /* LocationService.swift */,
				CC5183AA231F80C60029CEE2 /* DiskService.swift */,
				CC5183AE2320BC130029CEE2 /* CheckInOutService.swift */,
				CC5183A5231F6A550029CEE2 /* Settings.bundle */,
				CC5183A7231F73F40029CEE2 /* Localizable.strings */,
			);
			path = ClockInOut;
			sourceTree = "<group>";
		};
		CC518387231E46D10029CEE2 /* ClockInOutTests */ = {
			isa = PBXGroup;
			children = (
				CC518388231E46D10029CEE2 /* ClockInOutTests.swift */,
				CC51838A231E46D10029CEE2 /* Info.plist */,
			);
			path = ClockInOutTests;
			sourceTree = "<group>";
		};
		CC518392231E46D10029CEE2 /* ClockInOutUITests */ = {
			isa = PBXGroup;
			children = (
				CC518393231E46D10029CEE2 /* ClockInOutUITests.swift */,
				CC518395231E46D10029CEE2 /* Info.plist */,
			);
			path = ClockInOutUITests;
			sourceTree = "<group>";
		};
		CC5183A9231F7F3C0029CEE2 /* ViewController */ = {
			isa = PBXGroup;
			children = (
				CC518373231E46CD0029CEE2 /* FirstViewController.swift */,
				CC518375231E46CD0029CEE2 /* SecondViewController.swift */,
				CC5183A1231E55950029CEE2 /* SettingViewController.swift */,
			);
			path = ViewController;
			sourceTree = "<group>";
		};
		F3BEFF9742DB20BBB44A8536 /* Pods */ = {
			isa = PBXGroup;
			children = (
				6DA9253FC20DA218D7E4332B /* Pods-ClockInOut.debug.xcconfig */,
				C99BE7708C12198B20DD3D3F /* Pods-ClockInOut.release.xcconfig */,
				6A567A4FE8770A70E14BD93D /* Pods-ClockInOutTests.debug.xcconfig */,
				5E08C7A025F7379228C17BA4 /* Pods-ClockInOutTests.release.xcconfig */,
			);
			path = Pods;
			sourceTree = "<group>";
		};
/* End PBXGroup section */

/* Begin PBXNativeTarget section */
		CC51836D231E46CD0029CEE2 /* ClockInOut */ = {
			isa = PBXNativeTarget;
			buildConfigurationList = CC518398231E46D10029CEE2 /* Build configuration list for PBXNativeTarget "ClockInOut" */;
			buildPhases = (
				868A95667CE15F53F9D67EA3 /* [CP] Check Pods Manifest.lock */,
				CC51836A231E46CD0029CEE2 /* Sources */,
				CC51836B231E46CD0029CEE2 /* Frameworks */,
				CC51836C231E46CD0029CEE2 /* Resources */,
				09542B75677859D6E47256A3 /* [CP] Embed Pods Frameworks */,
			);
			buildRules = (
			);
			dependencies = (
			);
			name = ClockInOut;
			productName = ClockInOut;
			productReference = CC51836E231E46CD0029CEE2 /* ClockInOut.app */;
			productType = "com.apple.product-type.application";
		};
		CC518383231E46D10029CEE2 /* ClockInOutTests */ = {
			isa = PBXNativeTarget;
			buildConfigurationList = CC51839B231E46D10029CEE2 /* Build configuration list for PBXNativeTarget "ClockInOutTests" */;
			buildPhases = (
				C9DC974AA75B14AECE23B85A /* [CP] Check Pods Manifest.lock */,
				CC518380231E46D10029CEE2 /* Sources */,
				CC518381231E46D10029CEE2 /* Frameworks */,
				CC518382231E46D10029CEE2 /* Resources */,
			);
			buildRules = (
			);
			dependencies = (
				CC518386231E46D10029CEE2 /* PBXTargetDependency */,
			);
			name = ClockInOutTests;
			productName = ClockInOutTests;
			productReference = CC518384231E46D10029CEE2 /* ClockInOutTests.xctest */;
			productType = "com.apple.product-type.bundle.unit-test";
		};
		CC51838E231E46D10029CEE2 /* ClockInOutUITests */ = {
			isa = PBXNativeTarget;
			buildConfigurationList = CC51839E231E46D10029CEE2 /* Build configuration list for PBXNativeTarget "ClockInOutUITests" */;
			buildPhases = (
				CC51838B231E46D10029CEE2 /* Sources */,
				CC51838C231E46D10029CEE2 /* Frameworks */,
				CC51838D231E46D10029CEE2 /* Resources */,
			);
			buildRules = (
			);
			dependencies = (
				CC518391231E46D10029CEE2 /* PBXTargetDependency */,
			);
			name = ClockInOutUITests;
			productName = ClockInOutUITests;
			productReference = CC51838F231E46D10029CEE2 /* ClockInOutUITests.xctest */;
			productType = "com.apple.product-type.bundle.ui-testing";
		};
/* End PBXNativeTarget section */

/* Begin PBXProject section */
		CC518366231E46CD0029CEE2 /* Project object */ = {
			isa = PBXProject;
			attributes = {
				LastSwiftUpdateCheck = 1030;
				LastUpgradeCheck = 1030;
				ORGANIZATIONNAME = WataruSuzuki;
				TargetAttributes = {
					CC51836D231E46CD0029CEE2 = {
						CreatedOnToolsVersion = 10.3;
						SystemCapabilities = {
							com.apple.BackgroundModes = {
								enabled = 1;
							};
						};
					};
					CC518383231E46D10029CEE2 = {
						CreatedOnToolsVersion = 10.3;
						TestTargetID = CC51836D231E46CD0029CEE2;
					};
					CC51838E231E46D10029CEE2 = {
						CreatedOnToolsVersion = 10.3;
						TestTargetID = CC51836D231E46CD0029CEE2;
					};
				};
			};
			buildConfigurationList = CC518369231E46CD0029CEE2 /* Build configuration list for PBXProject "ClockInOut" */;
			compatibilityVersion = "Xcode 9.3";
			developmentRegion = en;
			hasScannedForEncodings = 0;
			knownRegions = (
				en,
				Base,
			);
			mainGroup = CC518365231E46CD0029CEE2;
			productRefGroup = CC51836F231E46CD0029CEE2 /* Products */;
			projectDirPath = "";
			projectRoot = "";
			targets = (
				CC51836D231E46CD0029CEE2 /* ClockInOut */,
				CC518383231E46D10029CEE2 /* ClockInOutTests */,
				CC51838E231E46D10029CEE2 /* ClockInOutUITests */,
			);
		};
/* End PBXProject section */

/* Begin PBXResourcesBuildPhase section */
		CC51836C231E46CD0029CEE2 /* Resources */ = {
			isa = PBXResourcesBuildPhase;
			buildActionMask = 2147483647;
			files = (
				CC5183A8231F73F40029CEE2 /* Localizable.strings in Resources */,
				CC5183A6231F6A560029CEE2 /* Settings.bundle in Resources */,
				CC51837E231E46D00029CEE2 /* LaunchScreen.storyboard in Resources */,
				CC51837B231E46D00029CEE2 /* Assets.xcassets in Resources */,
				CC518379231E46CD0029CEE2 /* Main.storyboard in Resources */,
			);
			runOnlyForDeploymentPostprocessing = 0;
		};
		CC518382231E46D10029CEE2 /* Resources */ = {
			isa = PBXResourcesBuildPhase;
			buildActionMask = 2147483647;
			files = (
			);
			runOnlyForDeploymentPostprocessing = 0;
		};
		CC51838D231E46D10029CEE2 /* Resources */ = {
			isa = PBXResourcesBuildPhase;
			buildActionMask = 2147483647;
			files = (
			);
			runOnlyForDeploymentPostprocessing = 0;
		};
/* End PBXResourcesBuildPhase section */

/* Begin PBXShellScriptBuildPhase section */
		09542B75677859D6E47256A3 /* [CP] Embed Pods Frameworks */ = {
			isa = PBXShellScriptBuildPhase;
			buildActionMask = 2147483647;
			files = (
			);
			inputFileListPaths = (
				"${PODS_ROOT}/Target Support Files/Pods-ClockInOut/Pods-ClockInOut-frameworks-${CONFIGURATION}-input-files.xcfilelist",
			);
			name = "[CP] Embed Pods Frameworks";
			outputFileListPaths = (
				"${PODS_ROOT}/Target Support Files/Pods-ClockInOut/Pods-ClockInOut-frameworks-${CONFIGURATION}-output-files.xcfilelist",
			);
			runOnlyForDeploymentPostprocessing = 0;
			shellPath = /bin/sh;
			shellScript = "\"${PODS_ROOT}/Target Support Files/Pods-ClockInOut/Pods-ClockInOut-frameworks.sh\"\n";
			showEnvVarsInLog = 0;
		};
		868A95667CE15F53F9D67EA3 /* [CP] Check Pods Manifest.lock */ = {
			isa = PBXShellScriptBuildPhase;
			buildActionMask = 2147483647;
			files = (
			);
			inputFileListPaths = (
			);
			inputPaths = (
				"${PODS_PODFILE_DIR_PATH}/Podfile.lock",
				"${PODS_ROOT}/Manifest.lock",
			);
			name = "[CP] Check Pods Manifest.lock";
			outputFileListPaths = (
			);
			outputPaths = (
				"$(DERIVED_FILE_DIR)/Pods-ClockInOut-checkManifestLockResult.txt",
			);
			runOnlyForDeploymentPostprocessing = 0;
			shellPath = /bin/sh;
			shellScript = "diff \"${PODS_PODFILE_DIR_PATH}/Podfile.lock\" \"${PODS_ROOT}/Manifest.lock\" > /dev/null\nif [ $? != 0 ] ; then\n    # print error to STDERR\n    echo \"error: The sandbox is not in sync with the Podfile.lock. Run 'pod install' or update your CocoaPods installation.\" >&2\n    exit 1\nfi\n# This output is used by Xcode 'outputs' to avoid re-running this script phase.\necho \"SUCCESS\" > \"${SCRIPT_OUTPUT_FILE_0}\"\n";
			showEnvVarsInLog = 0;
		};
		C9DC974AA75B14AECE23B85A /* [CP] Check Pods Manifest.lock */ = {
			isa = PBXShellScriptBuildPhase;
			buildActionMask = 2147483647;
			files = (
			);
			inputFileListPaths = (
			);
			inputPaths = (
				"${PODS_PODFILE_DIR_PATH}/Podfile.lock",
				"${PODS_ROOT}/Manifest.lock",
			);
			name = "[CP] Check Pods Manifest.lock";
			outputFileListPaths = (
			);
			outputPaths = (
				"$(DERIVED_FILE_DIR)/Pods-ClockInOutTests-checkManifestLockResult.txt",
			);
			runOnlyForDeploymentPostprocessing = 0;
			shellPath = /bin/sh;
			shellScript = "diff \"${PODS_PODFILE_DIR_PATH}/Podfile.lock\" \"${PODS_ROOT}/Manifest.lock\" > /dev/null\nif [ $? != 0 ] ; then\n    # print error to STDERR\n    echo \"error: The sandbox is not in sync with the Podfile.lock. Run 'pod install' or update your CocoaPods installation.\" >&2\n    exit 1\nfi\n# This output is used by Xcode 'outputs' to avoid re-running this script phase.\necho \"SUCCESS\" > \"${SCRIPT_OUTPUT_FILE_0}\"\n";
			showEnvVarsInLog = 0;
		};
/* End PBXShellScriptBuildPhase section */

/* Begin PBXSourcesBuildPhase section */
		CC51836A231E46CD0029CEE2 /* Sources */ = {
			isa = PBXSourcesBuildPhase;
			buildActionMask = 2147483647;
			files = (
				CC5183AF2320BC130029CEE2 /* CheckInOutService.swift in Sources */,
				CC518376231E46CD0029CEE2 /* SecondViewController.swift in Sources */,
				CC518372231E46CD0029CEE2 /* AppDelegate.swift in Sources */,
				CC5183AB231F80C60029CEE2 /* DiskService.swift in Sources */,
				CC5183A4231E57890029CEE2 /* LocationService.swift in Sources */,
				CC518374231E46CD0029CEE2 /* FirstViewController.swift in Sources */,
				CC5183A2231E55950029CEE2 /* SettingViewController.swift in Sources */,
			);
			runOnlyForDeploymentPostprocessing = 0;
		};
		CC518380231E46D10029CEE2 /* Sources */ = {
			isa = PBXSourcesBuildPhase;
			buildActionMask = 2147483647;
			files = (
				CC518389231E46D10029CEE2 /* ClockInOutTests.swift in Sources */,
			);
			runOnlyForDeploymentPostprocessing = 0;
		};
		CC51838B231E46D10029CEE2 /* Sources */ = {
			isa = PBXSourcesBuildPhase;
			buildActionMask = 2147483647;
			files = (
				CC518394231E46D10029CEE2 /* ClockInOutUITests.swift in Sources */,
			);
			runOnlyForDeploymentPostprocessing = 0;
		};
/* End PBXSourcesBuildPhase section */

/* Begin PBXTargetDependency section */
		CC518386231E46D10029CEE2 /* PBXTargetDependency */ = {
			isa = PBXTargetDependency;
			target = CC51836D231E46CD0029CEE2 /* ClockInOut */;
			targetProxy = CC518385231E46D10029CEE2 /* PBXContainerItemProxy */;
		};
		CC518391231E46D10029CEE2 /* PBXTargetDependency */ = {
			isa = PBXTargetDependency;
			target = CC51836D231E46CD0029CEE2 /* ClockInOut */;
			targetProxy = CC518390231E46D10029CEE2 /* PBXContainerItemProxy */;
		};
/* End PBXTargetDependency section */

/* Begin PBXVariantGroup section */
		CC518377231E46CD0029CEE2 /* Main.storyboard */ = {
			isa = PBXVariantGroup;
			children = (
				CC518378231E46CD0029CEE2 /* Base */,
			);
			name = Main.storyboard;
			sourceTree = "<group>";
		};
		CC51837C231E46D00029CEE2 /* LaunchScreen.storyboard */ = {
			isa = PBXVariantGroup;
			children = (
				CC51837D231E46D00029CEE2 /* Base */,
			);
			name = LaunchScreen.storyboard;
			sourceTree = "<group>";
		};
/* End PBXVariantGroup section */

/* Begin XCBuildConfiguration section */
		CC518396231E46D10029CEE2 /* Debug */ = {
			isa = XCBuildConfiguration;
			buildSettings = {
				ALWAYS_SEARCH_USER_PATHS = NO;
				CLANG_ANALYZER_NONNULL = YES;
				CLANG_ANALYZER_NUMBER_OBJECT_CONVERSION = YES_AGGRESSIVE;
				CLANG_CXX_LANGUAGE_STANDARD = "gnu++14";
				CLANG_CXX_LIBRARY = "libc++";
				CLANG_ENABLE_MODULES = YES;
				CLANG_ENABLE_OBJC_ARC = YES;
				CLANG_ENABLE_OBJC_WEAK = YES;
				CLANG_WARN_BLOCK_CAPTURE_AUTORELEASING = YES;
				CLANG_WARN_BOOL_CONVERSION = YES;
				CLANG_WARN_COMMA = YES;
				CLANG_WARN_CONSTANT_CONVERSION = YES;
				CLANG_WARN_DEPRECATED_OBJC_IMPLEMENTATIONS = YES;
				CLANG_WARN_DIRECT_OBJC_ISA_USAGE = YES_ERROR;
				CLANG_WARN_DOCUMENTATION_COMMENTS = YES;
				CLANG_WARN_EMPTY_BODY = YES;
				CLANG_WARN_ENUM_CONVERSION = YES;
				CLANG_WARN_INFINITE_RECURSION = YES;
				CLANG_WARN_INT_CONVERSION = YES;
				CLANG_WARN_NON_LITERAL_NULL_CONVERSION = YES;
				CLANG_WARN_OBJC_IMPLICIT_RETAIN_SELF = YES;
				CLANG_WARN_OBJC_LITERAL_CONVERSION = YES;
				CLANG_WARN_OBJC_ROOT_CLASS = YES_ERROR;
				CLANG_WARN_RANGE_LOOP_ANALYSIS = YES;
				CLANG_WARN_STRICT_PROTOTYPES = YES;
				CLANG_WARN_SUSPICIOUS_MOVE = YES;
				CLANG_WARN_UNGUARDED_AVAILABILITY = YES_AGGRESSIVE;
				CLANG_WARN_UNREACHABLE_CODE = YES;
				CLANG_WARN__DUPLICATE_METHOD_MATCH = YES;
				CODE_SIGN_IDENTITY = "iPhone Developer";
				COPY_PHASE_STRIP = NO;
				DEBUG_INFORMATION_FORMAT = dwarf;
				ENABLE_STRICT_OBJC_MSGSEND = YES;
				ENABLE_TESTABILITY = YES;
				GCC_C_LANGUAGE_STANDARD = gnu11;
				GCC_DYNAMIC_NO_PIC = NO;
				GCC_NO_COMMON_BLOCKS = YES;
				GCC_OPTIMIZATION_LEVEL = 0;
				GCC_PREPROCESSOR_DEFINITIONS = (
					"DEBUG=1",
					"$(inherited)",
				);
				GCC_WARN_64_TO_32_BIT_CONVERSION = YES;
				GCC_WARN_ABOUT_RETURN_TYPE = YES_ERROR;
				GCC_WARN_UNDECLARED_SELECTOR = YES;
				GCC_WARN_UNINITIALIZED_AUTOS = YES_AGGRESSIVE;
				GCC_WARN_UNUSED_FUNCTION = YES;
				GCC_WARN_UNUSED_VARIABLE = YES;
				IPHONEOS_DEPLOYMENT_TARGET = 12.4;
				MTL_ENABLE_DEBUG_INFO = INCLUDE_SOURCE;
				MTL_FAST_MATH = YES;
				ONLY_ACTIVE_ARCH = YES;
				SDKROOT = iphoneos;
				SWIFT_ACTIVE_COMPILATION_CONDITIONS = DEBUG;
				SWIFT_OPTIMIZATION_LEVEL = "-Onone";
			};
			name = Debug;
		};
		CC518397231E46D10029CEE2 /* Release */ = {
			isa = XCBuildConfiguration;
			buildSettings = {
				ALWAYS_SEARCH_USER_PATHS = NO;
				CLANG_ANALYZER_NONNULL = YES;
				CLANG_ANALYZER_NUMBER_OBJECT_CONVERSION = YES_AGGRESSIVE;
				CLANG_CXX_LANGUAGE_STANDARD = "gnu++14";
				CLANG_CXX_LIBRARY = "libc++";
				CLANG_ENABLE_MODULES = YES;
				CLANG_ENABLE_OBJC_ARC = YES;
				CLANG_ENABLE_OBJC_WEAK = YES;
				CLANG_WARN_BLOCK_CAPTURE_AUTORELEASING = YES;
				CLANG_WARN_BOOL_CONVERSION = YES;
				CLANG_WARN_COMMA = YES;
				CLANG_WARN_CONSTANT_CONVERSION = YES;
				CLANG_WARN_DEPRECATED_OBJC_IMPLEMENTATIONS = YES;
				CLANG_WARN_DIRECT_OBJC_ISA_USAGE = YES_ERROR;
				CLANG_WARN_DOCUMENTATION_COMMENTS = YES;
				CLANG_WARN_EMPTY_BODY = YES;
				CLANG_WARN_ENUM_CONVERSION = YES;
				CLANG_WARN_INFINITE_RECURSION = YES;
				CLANG_WARN_INT_CONVERSION = YES;
				CLANG_WARN_NON_LITERAL_NULL_CONVERSION = YES;
				CLANG_WARN_OBJC_IMPLICIT_RETAIN_SELF = YES;
				CLANG_WARN_OBJC_LITERAL_CONVERSION = YES;
				CLANG_WARN_OBJC_ROOT_CLASS = YES_ERROR;
				CLANG_WARN_RANGE_LOOP_ANALYSIS = YES;
				CLANG_WARN_STRICT_PROTOTYPES = YES;
				CLANG_WARN_SUSPICIOUS_MOVE = YES;
				CLANG_WARN_UNGUARDED_AVAILABILITY = YES_AGGRESSIVE;
				CLANG_WARN_UNREACHABLE_CODE = YES;
				CLANG_WARN__DUPLICATE_METHOD_MATCH = YES;
				CODE_SIGN_IDENTITY = "iPhone Developer";
				COPY_PHASE_STRIP = NO;
				DEBUG_INFORMATION_FORMAT = "dwarf-with-dsym";
				ENABLE_NS_ASSERTIONS = NO;
				ENABLE_STRICT_OBJC_MSGSEND = YES;
				GCC_C_LANGUAGE_STANDARD = gnu11;
				GCC_NO_COMMON_BLOCKS = YES;
				GCC_WARN_64_TO_32_BIT_CONVERSION = YES;
				GCC_WARN_ABOUT_RETURN_TYPE = YES_ERROR;
				GCC_WARN_UNDECLARED_SELECTOR = YES;
				GCC_WARN_UNINITIALIZED_AUTOS = YES_AGGRESSIVE;
				GCC_WARN_UNUSED_FUNCTION = YES;
				GCC_WARN_UNUSED_VARIABLE = YES;
				IPHONEOS_DEPLOYMENT_TARGET = 12.4;
				MTL_ENABLE_DEBUG_INFO = NO;
				MTL_FAST_MATH = YES;
				SDKROOT = iphoneos;
				SWIFT_COMPILATION_MODE = wholemodule;
				SWIFT_OPTIMIZATION_LEVEL = "-O";
				VALIDATE_PRODUCT = YES;
			};
			name = Release;
		};
		CC518399231E46D10029CEE2 /* Debug */ = {
			isa = XCBuildConfiguration;
			baseConfigurationReference = 6DA9253FC20DA218D7E4332B /* Pods-ClockInOut.debug.xcconfig */;
			buildSettings = {
				ASSETCATALOG_COMPILER_APPICON_NAME = AppIcon;
				CODE_SIGN_STYLE = Automatic;
				DEVELOPMENT_TEAM = F35G39V2UB;
				INFOPLIST_FILE = ClockInOut/Info.plist;
				LD_RUNPATH_SEARCH_PATHS = (
					"$(inherited)",
					"@executable_path/Frameworks",
				);
				PRODUCT_BUNDLE_IDENTIFIER = jp.co.JchanKchan.ClockInOut;
				PRODUCT_NAME = "$(TARGET_NAME)";
				SWIFT_VERSION = 5.0;
				TARGETED_DEVICE_FAMILY = "1,2";
			};
			name = Debug;
		};
		CC51839A231E46D10029CEE2 /* Release */ = {
			isa = XCBuildConfiguration;
			baseConfigurationReference = C99BE7708C12198B20DD3D3F /* Pods-ClockInOut.release.xcconfig */;
			buildSettings = {
				ASSETCATALOG_COMPILER_APPICON_NAME = AppIcon;
				CODE_SIGN_STYLE = Automatic;
				DEVELOPMENT_TEAM = F35G39V2UB;
				INFOPLIST_FILE = ClockInOut/Info.plist;
				LD_RUNPATH_SEARCH_PATHS = (
					"$(inherited)",
					"@executable_path/Frameworks",
				);
				PRODUCT_BUNDLE_IDENTIFIER = jp.co.JchanKchan.ClockInOut;
				PRODUCT_NAME = "$(TARGET_NAME)";
				SWIFT_VERSION = 5.0;
				TARGETED_DEVICE_FAMILY = "1,2";
			};
			name = Release;
		};
		CC51839C231E46D10029CEE2 /* Debug */ = {
			isa = XCBuildConfiguration;
			baseConfigurationReference = 6A567A4FE8770A70E14BD93D /* Pods-ClockInOutTests.debug.xcconfig */;
			buildSettings = {
				ALWAYS_EMBED_SWIFT_STANDARD_LIBRARIES = YES;
				BUNDLE_LOADER = "$(TEST_HOST)";
				CODE_SIGN_STYLE = Automatic;
				DEVELOPMENT_TEAM = F35G39V2UB;
				INFOPLIST_FILE = ClockInOutTests/Info.plist;
				LD_RUNPATH_SEARCH_PATHS = (
					"$(inherited)",
					"@executable_path/Frameworks",
					"@loader_path/Frameworks",
				);
				PRODUCT_BUNDLE_IDENTIFIER = jp.co.JchanKchan.ClockInOutTests;
				PRODUCT_NAME = "$(TARGET_NAME)";
				SWIFT_VERSION = 5.0;
				TARGETED_DEVICE_FAMILY = "1,2";
				TEST_HOST = "$(BUILT_PRODUCTS_DIR)/ClockInOut.app/ClockInOut";
			};
			name = Debug;
		};
		CC51839D231E46D10029CEE2 /* Release */ = {
			isa = XCBuildConfiguration;
			baseConfigurationReference = 5E08C7A025F7379228C17BA4 /* Pods-ClockInOutTests.release.xcconfig */;
			buildSettings = {
				ALWAYS_EMBED_SWIFT_STANDARD_LIBRARIES = YES;
				BUNDLE_LOADER = "$(TEST_HOST)";
				CODE_SIGN_STYLE = Automatic;
				DEVELOPMENT_TEAM = F35G39V2UB;
				INFOPLIST_FILE = ClockInOutTests/Info.plist;
				LD_RUNPATH_SEARCH_PATHS = (
					"$(inherited)",
					"@executable_path/Frameworks",
					"@loader_path/Frameworks",
				);
				PRODUCT_BUNDLE_IDENTIFIER = jp.co.JchanKchan.ClockInOutTests;
				PRODUCT_NAME = "$(TARGET_NAME)";
				SWIFT_VERSION = 5.0;
				TARGETED_DEVICE_FAMILY = "1,2";
				TEST_HOST = "$(BUILT_PRODUCTS_DIR)/ClockInOut.app/ClockInOut";
			};
			name = Release;
		};
		CC51839F231E46D10029CEE2 /* Debug */ = {
			isa = XCBuildConfiguration;
			buildSettings = {
				ALWAYS_EMBED_SWIFT_STANDARD_LIBRARIES = YES;
				CODE_SIGN_STYLE = Automatic;
				DEVELOPMENT_TEAM = F35G39V2UB;
				INFOPLIST_FILE = ClockInOutUITests/Info.plist;
				LD_RUNPATH_SEARCH_PATHS = (
					"$(inherited)",
					"@executable_path/Frameworks",
					"@loader_path/Frameworks",
				);
				PRODUCT_BUNDLE_IDENTIFIER = jp.co.JchanKchan.ClockInOutUITests;
				PRODUCT_NAME = "$(TARGET_NAME)";
				SWIFT_VERSION = 5.0;
				TARGETED_DEVICE_FAMILY = "1,2";
				TEST_TARGET_NAME = ClockInOut;
			};
			name = Debug;
		};
		CC5183A0231E46D10029CEE2 /* Release */ = {
			isa = XCBuildConfiguration;
			buildSettings = {
				ALWAYS_EMBED_SWIFT_STANDARD_LIBRARIES = YES;
				CODE_SIGN_STYLE = Automatic;
				DEVELOPMENT_TEAM = F35G39V2UB;
				INFOPLIST_FILE = ClockInOutUITests/Info.plist;
				LD_RUNPATH_SEARCH_PATHS = (
					"$(inherited)",
					"@executable_path/Frameworks",
					"@loader_path/Frameworks",
				);
				PRODUCT_BUNDLE_IDENTIFIER = jp.co.JchanKchan.ClockInOutUITests;
				PRODUCT_NAME = "$(TARGET_NAME)";
				SWIFT_VERSION = 5.0;
				TARGETED_DEVICE_FAMILY = "1,2";
				TEST_TARGET_NAME = ClockInOut;
			};
			name = Release;
		};
/* End XCBuildConfiguration section */

/* Begin XCConfigurationList section */
		CC518369231E46CD0029CEE2 /* Build configuration list for PBXProject "ClockInOut" */ = {
			isa = XCConfigurationList;
			buildConfigurations = (
				CC518396231E46D10029CEE2 /* Debug */,
				CC518397231E46D10029CEE2 /* Release */,
			);
			defaultConfigurationIsVisible = 0;
			defaultConfigurationName = Release;
		};
		CC518398231E46D10029CEE2 /* Build configuration list for PBXNativeTarget "ClockInOut" */ = {
			isa = XCConfigurationList;
			buildConfigurations = (
				CC518399231E46D10029CEE2 /* Debug */,
				CC51839A231E46D10029CEE2 /* Release */,
			);
			defaultConfigurationIsVisible = 0;
			defaultConfigurationName = Release;
		};
		CC51839B231E46D10029CEE2 /* Build configuration list for PBXNativeTarget "ClockInOutTests" */ = {
			isa = XCConfigurationList;
			buildConfigurations = (
				CC51839C231E46D10029CEE2 /* Debug */,
				CC51839D231E46D10029CEE2 /* Release */,
			);
			defaultConfigurationIsVisible = 0;
			defaultConfigurationName = Release;
		};
		CC51839E231E46D10029CEE2 /* Build configuration list for PBXNativeTarget "ClockInOutUITests" */ = {
			isa = XCConfigurationList;
			buildConfigurations = (
				CC51839F231E46D10029CEE2 /* Debug */,
				CC5183A0231E46D10029CEE2 /* Release */,
			);
			defaultConfigurationIsVisible = 0;
			defaultConfigurationName = Release;
		};
/* End XCConfigurationList section */
	};
	rootObject = CC518366231E46CD0029CEE2 /* Project object */;
}
